{
  "name": "test_my-library",
  "version": "1.0.0",
  "lockfileVersion": 3,
  "requires": true,
  "packages": {
    "": {
      "name": "test_my-library",
      "version": "1.0.0",
      "license": "ISC",
      "dependencies": {
        "test_asia_9000_my-library": "^1.1.0"
      }
    },
    "node_modules/test_asia_9000_my-library": {
      "version": "1.1.0",
      "resolved": "https://registry.npmjs.org/test_asia_9000_my-library/-/test_asia_9000_my-library-1.1.0.tgz",
      "integrity": "sha512-nl2ZK7CrTl0Sc7JaP/cI5PjFksY0w+vIqZ0cZ2Ar6rSHe4fXAz6vhBDUyLIyZETuLe96q5ELbS62Vpq4vr988Q==",
      "license": "ISC"
    }
  }
}
