{
  "name": "test_my-library",
  "version": "1.0.0",
  "lockfileVersion": 3,
  "requires": true,
  "packages": {
    "": {
      "name": "test_my-library",
      "version": "1.0.0",
      "license": "ISC",
      "dependencies": {
        "test_asia_9000_my-library": "^1.0.0"
      }
    },
    "node_modules/test_asia_9000_my-library": {
      "version": "1.0.0",
      "resolved": "https://registry.npmjs.org/test_asia_9000_my-library/-/test_asia_9000_my-library-1.0.0.tgz",
      "integrity": "sha512-CSZUuIwMJxl9MhH08kh10IEANYn9AavHYm8e5VF6NJ+QFY6EBJXhF3ZJowL5FIQe6D47qwU8lSFzlSn5WB/rtg==",
      "license": "ISC"
    }
  }
}
